<?xml version="1.0" encoding="utf-8"?>
<Project ToolsVersion="4.0" xmlns="http://schemas.microsoft.com/developer/msbuild/2003">
  <ItemGroup>
    <Filter Include="Source Files">
      <UniqueIdentifier>{4FC737F1-C7A5-4376-A066-2A32D752A2FF}</UniqueIdentifier>
      <Extensions>cpp;c;cc;cxx;def;odl;idl;hpj;bat;asm;asmx</Extensions>
    </Filter>
    <Filter Include="Header Files">
      <UniqueIdentifier>{93995380-89BD-4b04-88EB-625FBE52EBFB}</UniqueIdentifier>
      <Extensions>h;hpp;hxx;hm;inl;inc;xsd</Extensions>
    </Filter>
    <Filter Include="Resource Files">
      <UniqueIdentifier>{67DA6AB6-F800-4c08-8B7A-83BB121AAD01}</UniqueIdentifier>
      <Extensions>rc;ico;cur;bmp;dlg;rc2;rct;bin;rgs;gif;jpg;jpeg;jpe;resx;tiff;tif;png;wav</Extensions>
    </Filter>
    <Filter Include="Source Files\n2n">
      <UniqueIdentifier>{ab06fc90-e441-4eb9-9d8c-7bae289890e5}</UniqueIdentifier>
    </Filter>
  </ItemGroup>
  <ItemGroup>
    <ClCompile Include="..\getopt.c">
      <Filter>Source Files</Filter>
    </ClCompile>
    <ClCompile Include="..\getopt1.c">
      <Filter>Source Files</Filter>
    </ClCompile>
    <ClCompile Include="..\..\n2n.c">
      <Filter>Source Files</Filter>
    </ClCompile>
    <ClCompile Include="..\wintap.c">
      <Filter>Source Files</Filter>
    </ClCompile>
    <ClCompile Include="..\..\wire.c">
      <Filter>Source Files</Filter>
    </ClCompile>
    <ClCompile Include="..\..\supernode.c">
      <Filter>Source Files</Filter>
    </ClCompile>
    <ClCompile Include="..\..\auth.c">
      <Filter>Source Files\n2n</Filter>
    </ClCompile>
    <ClCompile Include="..\..\curve25519.c">
      <Filter>Source Files\n2n</Filter>
    </ClCompile>
    <ClCompile Include="..\..\edge_management.c">
      <Filter>Source Files\n2n</Filter>
    </ClCompile>
    <ClCompile Include="..\..\edge_utils.c">
      <Filter>Source Files\n2n</Filter>
    </ClCompile>
    <ClCompile Include="..\edge_utils_win32.c">
      <Filter>Source Files\n2n</Filter>
    </ClCompile>
    <ClCompile Include="..\..\header_encryption.c">
      <Filter>Source Files\n2n</Filter>
    </ClCompile>
    <ClCompile Include="..\..\management.c">
      <Filter>Source Files\n2n</Filter>
    </ClCompile>
    <ClCompile Include="..\..\n2n_regex.c">
      <Filter>Source Files\n2n</Filter>
    </ClCompile>
    <ClCompile Include="..\..\pearson.c">
      <Filter>Source Files\n2n</Filter>
    </ClCompile>
    <ClCompile Include="..\..\random_numbers.c">
      <Filter>Source Files\n2n</Filter>
    </ClCompile>
    <ClCompile Include="..\..\sn_management.c">
      <Filter>Source Files\n2n</Filter>
    </ClCompile>
    <ClCompile Include="..\..\sn_selection.c">
      <Filter>Source Files\n2n</Filter>
    </ClCompile>
    <ClCompile Include="..\..\sn_utils.c">
      <Filter>Source Files\n2n</Filter>
    </ClCompile>
    <ClCompile Include="..\..\speck.c">
      <Filter>Source Files\n2n</Filter>
    </ClCompile>
    <ClCompile Include="..\..\transform_aes.c">
      <Filter>Source Files\n2n</Filter>
    </ClCompile>
    <ClCompile Include="..\..\transform_cc20.c">
      <Filter>Source Files\n2n</Filter>
    </ClCompile>
    <ClCompile Include="..\..\transform_lzo.c">
      <Filter>Source Files\n2n</Filter>
    </ClCompile>
    <ClCompile Include="..\..\transform_speck.c">
      <Filter>Source Files\n2n</Filter>
    </ClCompile>
    <ClCompile Include="..\..\transform_tf.c">
      <Filter>Source Files\n2n</Filter>
    </ClCompile>
    <ClCompile Include="..\..\network_traffic_filter.c">
      <Filter>Source Files\n2n</Filter>
    </ClCompile>
    <ClCompile Include="..\..\cc20.c">
      <Filter>Source Files\n2n</Filter>
    </ClCompile>
    <ClCompile Include="..\..\tf.c">
      <Filter>Source Files\n2n</Filter>
    </ClCompile>
    <ClCompile Include="..\..\transform_null.c">
      <Filter>Source Files\n2n</Filter>
    </ClCompile>
    <ClCompile Include="..\..\minilzo.c">
      <Filter>Source Files\n2n</Filter>
    </ClCompile>
    <ClCompile Include="..\..\aes.c">
      <Filter>Source Files\n2n</Filter>
    </ClCompile>
  </ItemGroup>
  <ItemGroup>
    <ClInclude Include="..\getopt.h">
      <Filter>Header Files</Filter>
    </ClInclude>
    <ClInclude Include="..\..\..\include\n2n.h">
      <Filter>Header Files</Filter>
    </ClInclude>
    <ClInclude Include="..\n2n_win32.h">
      <Filter>Header Files</Filter>
    </ClInclude>
    <ClInclude Include="..\..\..\include\n2n_wire.h">
      <Filter>Header Files</Filter>
    </ClInclude>
    <ClInclude Include="..\unistd.h">
      <Filter>Header Files</Filter>
    </ClInclude>
  </ItemGroup>
</Project>